// !$*UTF8*$!
{
	archiveVersion = 1;
	classes = {
	};
	objectVersion = 77;
	objects = {

/* Begin PBXBuildFile section */
		31C2F5AD2D0F3C31007596C0 /* Preview Assets.xcassets in Resources */ = {isa = PBXBuildFile; fileRef = 31C2F5A62D0F3C31007596C0 /* Preview Assets.xcassets */; };
		31C2F5AE2D0F3C31007596C0 /* Assets.xcassets in Resources */ = {isa = PBXBuildFile; fileRef = 31C2F5A82D0F3C31007596C0 /* Assets.xcassets */; };
		31C2F5AF2D0F3C31007596C0 /* WeatherResponse.swift in Sources */ = {isa = PBXBuildFile; fileRef = 31C2F59B2D0F3C31007596C0 /* WeatherResponse.swift */; };
		31C2F5B02D0F3C31007596C0 /* WeatherService.swift in Sources */ = {isa = PBXBuildFile; fileRef = 31C2F59D2D0F3C31007596C0 /* WeatherService.swift */; };
		31C2F5B12D0F3C31007596C0 /* HomeViewModel.swift in Sources */ = {isa = PBXBuildFile; fileRef = 31C2F5A02D0F3C31007596C0 /* HomeViewModel.swift */; };
		31C2F5B22D0F3C31007596C0 /* HomeView.swift in Sources */ = {isa = PBXBuildFile; fileRef = 31C2F5A22D0F3C31007596C0 /* HomeView.swift */; };
		31C2F5B42D0F3C31007596C0 /* WeatherTrackerApp.swift in Sources */ = {isa = PBXBuildFile; fileRef = 31C2F5AB2D0F3C31007596C0 /* WeatherTrackerApp.swift */; };
		31C2F5B62D0F3C7F007596C0 /* ErrorHandler.swift in Sources */ = {isa = PBXBuildFile; fileRef = 31C2F5B52D0F3C7E007596C0 /* ErrorHandler.swift */; };
		31C2F5B82D0F3C90007596C0 /* DependencyManager.swift in Sources */ = {isa = PBXBuildFile; fileRef = 31C2F5B72D0F3C8F007596C0 /* DependencyManager.swift */; };
		31C2F5BA2D0F3CA7007596C0 /* NetworkMonitor.swift in Sources */ = {isa = PBXBuildFile; fileRef = 31C2F5B92D0F3CA7007596C0 /* NetworkMonitor.swift */; };
		31C2F5BD2D0F3CDD007596C0 /* WeatherTrackerTests.swift in Sources */ = {isa = PBXBuildFile; fileRef = 31C2F5BB2D0F3CDD007596C0 /* WeatherTrackerTests.swift */; };
		31C2F5C02D0F3CEC007596C0 /* MockWeatherService.swift in Sources */ = {isa = PBXBuildFile; fileRef = 31C2F5BF2D0F3CEB007596C0 /* MockWeatherService.swift */; };
		31C2F5C32D0F3D1D007596C0 /* WeatherServiceTests.swift in Sources */ = {isa = PBXBuildFile; fileRef = 31C2F5C22D0F3D1C007596C0 /* WeatherServiceTests.swift */; };
		31C2F5C62D0F3D46007596C0 /* HomeViewModelTests.swift in Sources */ = {isa = PBXBuildFile; fileRef = 31C2F5C52D0F3D46007596C0 /* HomeViewModelTests.swift */; };
/* End PBXBuildFile section */

/* Begin PBXContainerItemProxy section */
		3149E9DF2D0F394C00BCB404 /* PBXContainerItemProxy */ = {
			isa = PBXContainerItemProxy;
			containerPortal = 3149E9C52D0F394B00BCB404 /* Project object */;
			proxyType = 1;
			remoteGlobalIDString = 3149E9CC2D0F394B00BCB404;
			remoteInfo = WeatherTracker;
		};
		3149E9E92D0F394C00BCB404 /* PBXContainerItemProxy */ = {
			isa = PBXContainerItemProxy;
			containerPortal = 3149E9C52D0F394B00BCB404 /* Project object */;
			proxyType = 1;
			remoteGlobalIDString = 3149E9CC2D0F394B00BCB404;
			remoteInfo = WeatherTracker;
		};
/* End PBXContainerItemProxy section */

/* Begin PBXFileReference section */
		3149E9CD2D0F394B00BCB404 /* WeatherTracker.app */ = {isa = PBXFileReference; explicitFileType = wrapper.application; includeInIndex = 0; path = WeatherTracker.app; sourceTree = BUILT_PRODUCTS_DIR; };
		3149E9DE2D0F394C00BCB404 /* WeatherTrackerTests.xctest */ = {isa = PBXFileReference; explicitFileType = wrapper.cfbundle; includeInIndex = 0; path = WeatherTrackerTests.xctest; sourceTree = BUILT_PRODUCTS_DIR; };
		3149E9E82D0F394C00BCB404 /* WeatherTrackerUITests.xctest */ = {isa = PBXFileReference; explicitFileType = wrapper.cfbundle; includeInIndex = 0; path = WeatherTrackerUITests.xctest; sourceTree = BUILT_PRODUCTS_DIR; };
		31C2F59B2D0F3C31007596C0 /* WeatherResponse.swift */ = {isa = PBXFileReference; lastKnownFileType = sourcecode.swift; path = WeatherResponse.swift; sourceTree = "<group>"; };
		31C2F59D2D0F3C31007596C0 /* WeatherService.swift */ = {isa = PBXFileReference; lastKnownFileType = sourcecode.swift; path = WeatherService.swift; sourceTree = "<group>"; };
		31C2F5A02D0F3C31007596C0 /* HomeViewModel.swift */ = {isa = PBXFileReference; lastKnownFileType = sourcecode.swift; path = HomeViewModel.swift; sourceTree = "<group>"; };
		31C2F5A22D0F3C31007596C0 /* HomeView.swift */ = {isa = PBXFileReference; lastKnownFileType = sourcecode.swift; path = HomeView.swift; sourceTree = "<group>"; };
		31C2F5A62D0F3C31007596C0 /* Preview Assets.xcassets */ = {isa = PBXFileReference; lastKnownFileType = folder.assetcatalog; path = "Preview Assets.xcassets"; sourceTree = "<group>"; };
		31C2F5A82D0F3C31007596C0 /* Assets.xcassets */ = {isa = PBXFileReference; lastKnownFileType = folder.assetcatalog; path = Assets.xcassets; sourceTree = "<group>"; };
		31C2F5AA2D0F3C31007596C0 /* WeatherTracker.entitlements */ = {isa = PBXFileReference; lastKnownFileType = text.plist.entitlements; path = WeatherTracker.entitlements; sourceTree = "<group>"; };
		31C2F5AB2D0F3C31007596C0 /* WeatherTrackerApp.swift */ = {isa = PBXFileReference; lastKnownFileType = sourcecode.swift; path = WeatherTrackerApp.swift; sourceTree = "<group>"; };
		31C2F5B52D0F3C7E007596C0 /* ErrorHandler.swift */ = {isa = PBXFileReference; lastKnownFileType = sourcecode.swift; path = ErrorHandler.swift; sourceTree = "<group>"; };
		31C2F5B72D0F3C8F007596C0 /* DependencyManager.swift */ = {isa = PBXFileReference; lastKnownFileType = sourcecode.swift; path = DependencyManager.swift; sourceTree = "<group>"; };
		31C2F5B92D0F3CA7007596C0 /* NetworkMonitor.swift */ = {isa = PBXFileReference; lastKnownFileType = sourcecode.swift; path = NetworkMonitor.swift; sourceTree = "<group>"; };
		31C2F5BB2D0F3CDD007596C0 /* WeatherTrackerTests.swift */ = {isa = PBXFileReference; lastKnownFileType = sourcecode.swift; path = WeatherTrackerTests.swift; sourceTree = "<group>"; };
		31C2F5BF2D0F3CEB007596C0 /* MockWeatherService.swift */ = {isa = PBXFileReference; lastKnownFileType = sourcecode.swift; path = MockWeatherService.swift; sourceTree = "<group>"; };
		31C2F5C22D0F3D1C007596C0 /* WeatherServiceTests.swift */ = {isa = PBXFileReference; lastKnownFileType = sourcecode.swift; path = WeatherServiceTests.swift; sourceTree = "<group>"; };
		31C2F5C52D0F3D46007596C0 /* HomeViewModelTests.swift */ = {isa = PBXFileReference; lastKnownFileType = sourcecode.swift; path = HomeViewModelTests.swift; sourceTree = "<group>"; };
/* End PBXFileReference section */

/* Begin PBXFileSystemSynchronizedRootGroup section */
		3149E9EB2D0F394C00BCB404 /* WeatherTrackerUITests */ = {
			isa = PBXFileSystemSynchronizedRootGroup;
			path = WeatherTrackerUITests;
			sourceTree = "<group>";
		};
/* End PBXFileSystemSynchronizedRootGroup section */

/* Begin PBXFrameworksBuildPhase section */
		3149E9CA2D0F394B00BCB404 /* Frameworks */ = {
			isa = PBXFrameworksBuildPhase;
			buildActionMask = 2147483647;
			files = (
			);
			runOnlyForDeploymentPostprocessing = 0;
		};
		3149E9DB2D0F394C00BCB404 /* Frameworks */ = {
			isa = PBXFrameworksBuildPhase;
			buildActionMask = 2147483647;
			files = (
			);
			runOnlyForDeploymentPostprocessing = 0;
		};
		3149E9E52D0F394C00BCB404 /* Frameworks */ = {
			isa = PBXFrameworksBuildPhase;
			buildActionMask = 2147483647;
			files = (
			);
			runOnlyForDeploymentPostprocessing = 0;
		};
/* End PBXFrameworksBuildPhase section */

/* Begin PBXGroup section */
		3149E9C42D0F394B00BCB404 = {
			isa = PBXGroup;
			children = (
				31C2F5AC2D0F3C31007596C0 /* WeatherTracker */,
				31C2F5BC2D0F3CDD007596C0 /* WeatherTrackerTests */,
				3149E9EB2D0F394C00BCB404 /* WeatherTrackerUITests */,
				3149E9CE2D0F394B00BCB404 /* Products */,
			);
			sourceTree = "<group>";
		};
		3149E9CE2D0F394B00BCB404 /* Products */ = {
			isa = PBXGroup;
			children = (
				3149E9CD2D0F394B00BCB404 /* WeatherTracker.app */,
				3149E9DE2D0F394C00BCB404 /* WeatherTrackerTests.xctest */,
				3149E9E82D0F394C00BCB404 /* WeatherTrackerUITests.xctest */,
			);
			name = Products;
			sourceTree = "<group>";
		};
		31C2F59C2D0F3C31007596C0 /* Models */ = {
			isa = PBXGroup;
			children = (
				31C2F59B2D0F3C31007596C0 /* WeatherResponse.swift */,
			);
			path = Models;
			sourceTree = "<group>";
		};
		31C2F59E2D0F3C31007596C0 /* Services */ = {
			isa = PBXGroup;
			children = (
				31C2F59D2D0F3C31007596C0 /* WeatherService.swift */,
			);
			path = Services;
			sourceTree = "<group>";
		};
		31C2F59F2D0F3C31007596C0 /* Utils */ = {
			isa = PBXGroup;
			children = (
				31C2F5B52D0F3C7E007596C0 /* ErrorHandler.swift */,
				31C2F5B72D0F3C8F007596C0 /* DependencyManager.swift */,
				31C2F5B92D0F3CA7007596C0 /* NetworkMonitor.swift */,
			);
			path = Utils;
			sourceTree = "<group>";
		};
		31C2F5A12D0F3C31007596C0 /* ViewModels */ = {
			isa = PBXGroup;
			children = (
				31C2F5A02D0F3C31007596C0 /* HomeViewModel.swift */,
			);
			path = ViewModels;
			sourceTree = "<group>";
		};
		31C2F5A32D0F3C31007596C0 /* Views */ = {
			isa = PBXGroup;
			children = (
				31C2F5A22D0F3C31007596C0 /* HomeView.swift */,
			);
			path = Views;
			sourceTree = "<group>";
		};
		31C2F5A42D0F3C31007596C0 /* Home */ = {
			isa = PBXGroup;
			children = (
				31C2F59E2D0F3C31007596C0 /* Services */,
				31C2F59C2D0F3C31007596C0 /* Models */,
				31C2F5A12D0F3C31007596C0 /* ViewModels */,
				31C2F5A32D0F3C31007596C0 /* Views */,
				31C2F59F2D0F3C31007596C0 /* Utils */,
			);
			path = Home;
			sourceTree = "<group>";
		};
		31C2F5A52D0F3C31007596C0 /* Modules */ = {
			isa = PBXGroup;
			children = (
				31C2F5A42D0F3C31007596C0 /* Home */,
			);
			path = Modules;
			sourceTree = "<group>";
		};
		31C2F5A72D0F3C31007596C0 /* Preview Content */ = {
			isa = PBXGroup;
			children = (
				31C2F5A62D0F3C31007596C0 /* Preview Assets.xcassets */,
			);
			path = "Preview Content";
			sourceTree = "<group>";
		};
		31C2F5AC2D0F3C31007596C0 /* WeatherTracker */ = {
			isa = PBXGroup;
			children = (
				31C2F5A52D0F3C31007596C0 /* Modules */,
				31C2F5A72D0F3C31007596C0 /* Preview Content */,
				31C2F5A82D0F3C31007596C0 /* Assets.xcassets */,
				31C2F5AA2D0F3C31007596C0 /* WeatherTracker.entitlements */,
				31C2F5AB2D0F3C31007596C0 /* WeatherTrackerApp.swift */,
			);
			path = WeatherTracker;
			sourceTree = "<group>";
		};
		31C2F5BC2D0F3CDD007596C0 /* WeatherTrackerTests */ = {
			isa = PBXGroup;
			children = (
				31C2F5BE2D0F3CE0007596C0 /* Mocks */,
				31C2F5C12D0F3D11007596C0 /* Services */,
				31C2F5C42D0F3D3B007596C0 /* ViewModels */,
				31C2F5BB2D0F3CDD007596C0 /* WeatherTrackerTests.swift */,
			);
			path = WeatherTrackerTests;
			sourceTree = "<group>";
		};
		31C2F5BE2D0F3CE0007596C0 /* Mocks */ = {
			isa = PBXGroup;
			children = (
				31C2F5BF2D0F3CEB007596C0 /* MockWeatherService.swift */,
			);
			path = Mocks;
			sourceTree = "<group>";
		};
		31C2F5C12D0F3D11007596C0 /* Services */ = {
			isa = PBXGroup;
			children = (
				31C2F5C22D0F3D1C007596C0 /* WeatherServiceTests.swift */,
			);
			path = Services;
			sourceTree = "<group>";
		};
		31C2F5C42D0F3D3B007596C0 /* ViewModels */ = {
			isa = PBXGroup;
			children = (
				31C2F5C52D0F3D46007596C0 /* HomeViewModelTests.swift */,
			);
			path = ViewModels;
			sourceTree = "<group>";
		};
/* End PBXGroup section */

/* Begin PBXNativeTarget section */
		3149E9CC2D0F394B00BCB404 /* WeatherTracker */ = {
			isa = PBXNativeTarget;
			buildConfigurationList = 3149E9F22D0F394C00BCB404 /* Build configuration list for PBXNativeTarget "WeatherTracker" */;
			buildPhases = (
				3149E9C92D0F394B00BCB404 /* Sources */,
				3149E9CA2D0F394B00BCB404 /* Frameworks */,
				3149E9CB2D0F394B00BCB404 /* Resources */,
			);
			buildRules = (
			);
			dependencies = (
			);
			name = WeatherTracker;
			packageProductDependencies = (
			);
			productName = WeatherTracker;
			productReference = 3149E9CD2D0F394B00BCB404 /* WeatherTracker.app */;
			productType = "com.apple.product-type.application";
		};
		3149E9DD2D0F394C00BCB404 /* WeatherTrackerTests */ = {
			isa = PBXNativeTarget;
			buildConfigurationList = 3149E9F52D0F394C00BCB404 /* Build configuration list for PBXNativeTarget "WeatherTrackerTests" */;
			buildPhases = (
				3149E9DA2D0F394C00BCB404 /* Sources */,
				3149E9DB2D0F394C00BCB404 /* Frameworks */,
				3149E9DC2D0F394C00BCB404 /* Resources */,
			);
			buildRules = (
			);
			dependencies = (
				3149E9E02D0F394C00BCB404 /* PBXTargetDependency */,
			);
			name = WeatherTrackerTests;
			packageProductDependencies = (
			);
			productName = WeatherTrackerTests;
			productReference = 3149E9DE2D0F394C00BCB404 /* WeatherTrackerTests.xctest */;
			productType = "com.apple.product-type.bundle.unit-test";
		};
		3149E9E72D0F394C00BCB404 /* WeatherTrackerUITests */ = {
			isa = PBXNativeTarget;
			buildConfigurationList = 3149E9F82D0F394C00BCB404 /* Build configuration list for PBXNativeTarget "WeatherTrackerUITests" */;
			buildPhases = (
				3149E9E42D0F394C00BCB404 /* Sources */,
				3149E9E52D0F394C00BCB404 /* Frameworks */,
				3149E9E62D0F394C00BCB404 /* Resources */,
			);
			buildRules = (
			);
			dependencies = (
				3149E9EA2D0F394C00BCB404 /* PBXTargetDependency */,
			);
			fileSystemSynchronizedGroups = (
				3149E9EB2D0F394C00BCB404 /* WeatherTrackerUITests */,
			);
			name = WeatherTrackerUITests;
			packageProductDependencies = (
			);
			productName = WeatherTrackerUITests;
			productReference = 3149E9E82D0F394C00BCB404 /* WeatherTrackerUITests.xctest */;
			productType = "com.apple.product-type.bundle.ui-testing";
		};
/* End PBXNativeTarget section */

/* Begin PBXProject section */
		3149E9C52D0F394B00BCB404 /* Project object */ = {
			isa = PBXProject;
			attributes = {
				BuildIndependentTargetsInParallel = 1;
				LastSwiftUpdateCheck = 1620;
				LastUpgradeCheck = 1620;
				TargetAttributes = {
					3149E9CC2D0F394B00BCB404 = {
						CreatedOnToolsVersion = 16.2;
					};
					3149E9DD2D0F394C00BCB404 = {
						CreatedOnToolsVersion = 16.2;
						TestTargetID = 3149E9CC2D0F394B00BCB404;
					};
					3149E9E72D0F394C00BCB404 = {
						CreatedOnToolsVersion = 16.2;
						TestTargetID = 3149E9CC2D0F394B00BCB404;
					};
				};
			};
			buildConfigurationList = 3149E9C82D0F394B00BCB404 /* Build configuration list for PBXProject "WeatherTracker" */;
			developmentRegion = en;
			hasScannedForEncodings = 0;
			knownRegions = (
				en,
				Base,
			);
			mainGroup = 3149E9C42D0F394B00BCB404;
			minimizedProjectReferenceProxies = 1;
			preferredProjectObjectVersion = 77;
			productRefGroup = 3149E9CE2D0F394B00BCB404 /* Products */;
			projectDirPath = "";
			projectRoot = "";
			targets = (
				3149E9CC2D0F394B00BCB404 /* WeatherTracker */,
				3149E9DD2D0F394C00BCB404 /* WeatherTrackerTests */,
				3149E9E72D0F394C00BCB404 /* WeatherTrackerUITests */,
			);
		};
/* End PBXProject section */

/* Begin PBXResourcesBuildPhase section */
		3149E9CB2D0F394B00BCB404 /* Resources */ = {
			isa = PBXResourcesBuildPhase;
			buildActionMask = 2147483647;
			files = (
				31C2F5AD2D0F3C31007596C0 /* Preview Assets.xcassets in Resources */,
				31C2F5AE2D0F3C31007596C0 /* Assets.xcassets in Resources */,
			);
			runOnlyForDeploymentPostprocessing = 0;
		};
		3149E9DC2D0F394C00BCB404 /* Resources */ = {
			isa = PBXResourcesBuildPhase;
			buildActionMask = 2147483647;
			files = (
			);
			runOnlyForDeploymentPostprocessing = 0;
		};
		3149E9E62D0F394C00BCB404 /* Resources */ = {
			isa = PBXResourcesBuildPhase;
			buildActionMask = 2147483647;
			files = (
			);
			runOnlyForDeploymentPostprocessing = 0;
		};
/* End PBXResourcesBuildPhase section */

/* Begin PBXSourcesBuildPhase section */
		3149E9C92D0F394B00BCB404 /* Sources */ = {
			isa = PBXSourcesBuildPhase;
			buildActionMask = 2147483647;
			files = (
				31C2F5AF2D0F3C31007596C0 /* WeatherResponse.swift in Sources */,
				31C2F5B62D0F3C7F007596C0 /* ErrorHandler.swift in Sources */,
				31C2F5B02D0F3C31007596C0 /* WeatherService.swift in Sources */,
				31C2F5B12D0F3C31007596C0 /* HomeViewModel.swift in Sources */,
				31C2F5B82D0F3C90007596C0 /* DependencyManager.swift in Sources */,
				31C2F5B22D0F3C31007596C0 /* HomeView.swift in Sources */,
				31C2F5BA2D0F3CA7007596C0 /* NetworkMonitor.swift in Sources */,
				31C2F5B42D0F3C31007596C0 /* WeatherTrackerApp.swift in Sources */,
			);
			runOnlyForDeploymentPostprocessing = 0;
		};
		3149E9DA2D0F394C00BCB404 /* Sources */ = {
			isa = PBXSourcesBuildPhase;
			buildActionMask = 2147483647;
			files = (
				31C2F5C02D0F3CEC007596C0 /* MockWeatherService.swift in Sources */,
				31C2F5BD2D0F3CDD007596C0 /* WeatherTrackerTests.swift in Sources */,
				31C2F5C32D0F3D1D007596C0 /* WeatherServiceTests.swift in Sources */,
				31C2F5C62D0F3D46007596C0 /* HomeViewModelTests.swift in Sources */,
			);
			runOnlyForDeploymentPostprocessing = 0;
		};
		3149E9E42D0F394C00BCB404 /* Sources */ = {
			isa = PBXSourcesBuildPhase;
			buildActionMask = 2147483647;
			files = (
			);
			runOnlyForDeploymentPostprocessing = 0;
		};
/* End PBXSourcesBuildPhase section */

/* Begin PBXTargetDependency section */
		3149E9E02D0F394C00BCB404 /* PBXTargetDependency */ = {
			isa = PBXTargetDependency;
			target = 3149E9CC2D0F394B00BCB404 /* WeatherTracker */;
			targetProxy = 3149E9DF2D0F394C00BCB404 /* PBXContainerItemProxy */;
		};
		3149E9EA2D0F394C00BCB404 /* PBXTargetDependency */ = {
			isa = PBXTargetDependency;
			target = 3149E9CC2D0F394B00BCB404 /* WeatherTracker */;
			targetProxy = 3149E9E92D0F394C00BCB404 /* PBXContainerItemProxy */;
		};
/* End PBXTargetDependency section */

/* Begin XCBuildConfiguration section */
		3149E9F02D0F394C00BCB404 /* Debug */ = {
			isa = XCBuildConfiguration;
			buildSettings = {
				ALWAYS_SEARCH_USER_PATHS = NO;
				ASSETCATALOG_COMPILER_GENERATE_SWIFT_ASSET_SYMBOL_EXTENSIONS = YES;
				CLANG_ANALYZER_NONNULL = YES;
				CLANG_ANALYZER_NUMBER_OBJECT_CONVERSION = YES_AGGRESSIVE;
				CLANG_CXX_LANGUAGE_STANDARD = "gnu++20";
				CLANG_ENABLE_MODULES = YES;
				CLANG_ENABLE_OBJC_ARC = YES;
				CLANG_ENABLE_OBJC_WEAK = YES;
				CLANG_WARN_BLOCK_CAPTURE_AUTORELEASING = YES;
				CLANG_WARN_BOOL_CONVERSION = YES;
				CLANG_WARN_COMMA = YES;
				CLANG_WARN_CONSTANT_CONVERSION = YES;
				CLANG_WARN_DEPRECATED_OBJC_IMPLEMENTATIONS = YES;
				CLANG_WARN_DIRECT_OBJC_ISA_USAGE = YES_ERROR;
				CLANG_WARN_DOCUMENTATION_COMMENTS = YES;
				CLANG_WARN_EMPTY_BODY = YES;
				CLANG_WARN_ENUM_CONVERSION = YES;
				CLANG_WARN_INFINITE_RECURSION = YES;
				CLANG_WARN_INT_CONVERSION = YES;
				CLANG_WARN_NON_LITERAL_NULL_CONVERSION = YES;
				CLANG_WARN_OBJC_IMPLICIT_RETAIN_SELF = YES;
				CLANG_WARN_OBJC_LITERAL_CONVERSION = YES;
				CLANG_WARN_OBJC_ROOT_CLASS = YES_ERROR;
				CLANG_WARN_QUOTED_INCLUDE_IN_FRAMEWORK_HEADER = YES;
				CLANG_WARN_RANGE_LOOP_ANALYSIS = YES;
				CLANG_WARN_STRICT_PROTOTYPES = YES;
				CLANG_WARN_SUSPICIOUS_MOVE = YES;
				CLANG_WARN_UNGUARDED_AVAILABILITY = YES_AGGRESSIVE;
				CLANG_WARN_UNREACHABLE_CODE = YES;
				CLANG_WARN__DUPLICATE_METHOD_MATCH = YES;
				COPY_PHASE_STRIP = NO;
				DEBUG_INFORMATION_FORMAT = dwarf;
				ENABLE_STRICT_OBJC_MSGSEND = YES;
				ENABLE_TESTABILITY = YES;
				ENABLE_USER_SCRIPT_SANDBOXING = YES;
				GCC_C_LANGUAGE_STANDARD = gnu17;
				GCC_DYNAMIC_NO_PIC = NO;
				GCC_NO_COMMON_BLOCKS = YES;
				GCC_OPTIMIZATION_LEVEL = 0;
				GCC_PREPROCESSOR_DEFINITIONS = (
					"DEBUG=1",
					"$(inherited)",
				);
				GCC_WARN_64_TO_32_BIT_CONVERSION = YES;
				GCC_WARN_ABOUT_RETURN_TYPE = YES_ERROR;
				GCC_WARN_UNDECLARED_SELECTOR = YES;
				GCC_WARN_UNINITIALIZED_AUTOS = YES_AGGRESSIVE;
				GCC_WARN_UNUSED_FUNCTION = YES;
				GCC_WARN_UNUSED_VARIABLE = YES;
				LOCALIZATION_PREFERS_STRING_CATALOGS = YES;
				MTL_ENABLE_DEBUG_INFO = INCLUDE_SOURCE;
				MTL_FAST_MATH = YES;
				ONLY_ACTIVE_ARCH = YES;
				SWIFT_ACTIVE_COMPILATION_CONDITIONS = "DEBUG $(inherited)";
				SWIFT_OPTIMIZATION_LEVEL = "-Onone";
			};
			name = Debug;
		};
		3149E9F12D0F394C00BCB404 /* Release */ = {
			isa = XCBuildConfiguration;
			buildSettings = {
				ALWAYS_SEARCH_USER_PATHS = NO;
				ASSETCATALOG_COMPILER_GENERATE_SWIFT_ASSET_SYMBOL_EXTENSIONS = YES;
				CLANG_ANALYZER_NONNULL = YES;
				CLANG_ANALYZER_NUMBER_OBJECT_CONVERSION = YES_AGGRESSIVE;
				CLANG_CXX_LANGUAGE_STANDARD = "gnu++20";
				CLANG_ENABLE_MODULES = YES;
				CLANG_ENABLE_OBJC_ARC = YES;
				CLANG_ENABLE_OBJC_WEAK = YES;
				CLANG_WARN_BLOCK_CAPTURE_AUTORELEASING = YES;
				CLANG_WARN_BOOL_CONVERSION = YES;
				CLANG_WARN_COMMA = YES;
				CLANG_WARN_CONSTANT_CONVERSION = YES;
				CLANG_WARN_DEPRECATED_OBJC_IMPLEMENTATIONS = YES;
				CLANG_WARN_DIRECT_OBJC_ISA_USAGE = YES_ERROR;
				CLANG_WARN_DOCUMENTATION_COMMENTS = YES;
				CLANG_WARN_EMPTY_BODY = YES;
				CLANG_WARN_ENUM_CONVERSION = YES;
				CLANG_WARN_INFINITE_RECURSION = YES;
				CLANG_WARN_INT_CONVERSION = YES;
				CLANG_WARN_NON_LITERAL_NULL_CONVERSION = YES;
				CLANG_WARN_OBJC_IMPLICIT_RETAIN_SELF = YES;
				CLANG_WARN_OBJC_LITERAL_CONVERSION = YES;
				CLANG_WARN_OBJC_ROOT_CLASS = YES_ERROR;
				CLANG_WARN_QUOTED_INCLUDE_IN_FRAMEWORK_HEADER = YES;
				CLANG_WARN_RANGE_LOOP_ANALYSIS = YES;
				CLANG_WARN_STRICT_PROTOTYPES = YES;
				CLANG_WARN_SUSPICIOUS_MOVE = YES;
				CLANG_WARN_UNGUARDED_AVAILABILITY = YES_AGGRESSIVE;
				CLANG_WARN_UNREACHABLE_CODE = YES;
				CLANG_WARN__DUPLICATE_METHOD_MATCH = YES;
				COPY_PHASE_STRIP = NO;
				DEBUG_INFORMATION_FORMAT = "dwarf-with-dsym";
				ENABLE_NS_ASSERTIONS = NO;
				ENABLE_STRICT_OBJC_MSGSEND = YES;
				ENABLE_USER_SCRIPT_SANDBOXING = YES;
				GCC_C_LANGUAGE_STANDARD = gnu17;
				GCC_NO_COMMON_BLOCKS = YES;
				GCC_WARN_64_TO_32_BIT_CONVERSION = YES;
				GCC_WARN_ABOUT_RETURN_TYPE = YES_ERROR;
				GCC_WARN_UNDECLARED_SELECTOR = YES;
				GCC_WARN_UNINITIALIZED_AUTOS = YES_AGGRESSIVE;
				GCC_WARN_UNUSED_FUNCTION = YES;
				GCC_WARN_UNUSED_VARIABLE = YES;
				LOCALIZATION_PREFERS_STRING_CATALOGS = YES;
				MTL_ENABLE_DEBUG_INFO = NO;
				MTL_FAST_MATH = YES;
				SWIFT_COMPILATION_MODE = wholemodule;
			};
			name = Release;
		};
		3149E9F32D0F394C00BCB404 /* Debug */ = {
			isa = XCBuildConfiguration;
			buildSettings = {
				ASSETCATALOG_COMPILER_APPICON_NAME = AppIcon;
				ASSETCATALOG_COMPILER_GLOBAL_ACCENT_COLOR_NAME = AccentColor;
				CODE_SIGN_ENTITLEMENTS = WeatherTracker/WeatherTracker.entitlements;
				CODE_SIGN_STYLE = Automatic;
				CURRENT_PROJECT_VERSION = 1;
				DEVELOPMENT_ASSET_PATHS = "\"WeatherTracker/Preview Content\"";
				ENABLE_PREVIEWS = YES;
				GENERATE_INFOPLIST_FILE = YES;
				"INFOPLIST_KEY_UIApplicationSceneManifest_Generation[sdk=iphoneos*]" = YES;
				"INFOPLIST_KEY_UIApplicationSceneManifest_Generation[sdk=iphonesimulator*]" = YES;
				"INFOPLIST_KEY_UIApplicationSupportsIndirectInputEvents[sdk=iphoneos*]" = YES;
				"INFOPLIST_KEY_UIApplicationSupportsIndirectInputEvents[sdk=iphonesimulator*]" = YES;
				"INFOPLIST_KEY_UILaunchScreen_Generation[sdk=iphoneos*]" = YES;
				"INFOPLIST_KEY_UILaunchScreen_Generation[sdk=iphonesimulator*]" = YES;
				"INFOPLIST_KEY_UIStatusBarStyle[sdk=iphoneos*]" = UIStatusBarStyleDefault;
				"INFOPLIST_KEY_UIStatusBarStyle[sdk=iphonesimulator*]" = UIStatusBarStyleDefault;
				INFOPLIST_KEY_UISupportedInterfaceOrientations_iPad = "UIInterfaceOrientationPortrait UIInterfaceOrientationPortraitUpsideDown UIInterfaceOrientationLandscapeLeft UIInterfaceOrientationLandscapeRight";
				INFOPLIST_KEY_UISupportedInterfaceOrientations_iPhone = "UIInterfaceOrientationPortrait UIInterfaceOrientationLandscapeLeft UIInterfaceOrientationLandscapeRight";
				IPHONEOS_DEPLOYMENT_TARGET = 18.2;
				LD_RUNPATH_SEARCH_PATHS = "@executable_path/Frameworks";
				"LD_RUNPATH_SEARCH_PATHS[sdk=macosx*]" = "@executable_path/../Frameworks";
				MACOSX_DEPLOYMENT_TARGET = 15.2;
				MARKETING_VERSION = 1.0;
				PRODUCT_BUNDLE_IDENTIFIER = com.mubarok.WeatherTracker;
				PRODUCT_NAME = "$(TARGET_NAME)";
				SDKROOT = auto;
				SUPPORTED_PLATFORMS = "iphoneos iphonesimulator macosx xros xrsimulator";
				SWIFT_EMIT_LOC_STRINGS = YES;
				SWIFT_VERSION = 5.0;
				TARGETED_DEVICE_FAMILY = "1,2,7";
				XROS_DEPLOYMENT_TARGET = 2.2;
			};
			name = Debug;
		};
		3149E9F42D0F394C00BCB404 /* Release */ = {
			isa = XCBuildConfiguration;
			buildSettings = {
				ASSETCATALOG_COMPILER_APPICON_NAME = AppIcon;
				ASSETCATALOG_COMPILER_GLOBAL_ACCENT_COLOR_NAME = AccentColor;
				CODE_SIGN_ENTITLEMENTS = WeatherTracker/WeatherTracker.entitlements;
				CODE_SIGN_STYLE = Automatic;
				CURRENT_PROJECT_VERSION = 1;
				DEVELOPMENT_ASSET_PATHS = "\"WeatherTracker/Preview Content\"";
				ENABLE_PREVIEWS = YES;
				GENERATE_INFOPLIST_FILE = YES;
				"INFOPLIST_KEY_UIApplicationSceneManifest_Generation[sdk=iphoneos*]" = YES;
				"INFOPLIST_KEY_UIApplicationSceneManifest_Generation[sdk=iphonesimulator*]" = YES;
				"INFOPLIST_KEY_UIApplicationSupportsIndirectInputEvents[sdk=iphoneos*]" = YES;
				"INFOPLIST_KEY_UIApplicationSupportsIndirectInputEvents[sdk=iphonesimulator*]" = YES;
				"INFOPLIST_KEY_UILaunchScreen_Generation[sdk=iphoneos*]" = YES;
				"INFOPLIST_KEY_UILaunchScreen_Generation[sdk=iphonesimulator*]" = YES;
				"INFOPLIST_KEY_UIStatusBarStyle[sdk=iphoneos*]" = UIStatusBarStyleDefault;
				"INFOPLIST_KEY_UIStatusBarStyle[sdk=iphonesimulator*]" = UIStatusBarStyleDefault;
				INFOPLIST_KEY_UISupportedInterfaceOrientations_iPad = "UIInterfaceOrientationPortrait UIInterfaceOrientationPortraitUpsideDown UIInterfaceOrientationLandscapeLeft UIInterfaceOrientationLandscapeRight";
				INFOPLIST_KEY_UISupportedInterfaceOrientations_iPhone = "UIInterfaceOrientationPortrait UIInterfaceOrientationLandscapeLeft UIInterfaceOrientationLandscapeRight";
				IPHONEOS_DEPLOYMENT_TARGET = 18.2;
				LD_RUNPATH_SEARCH_PATHS = "@executable_path/Frameworks";
				"LD_RUNPATH_SEARCH_PATHS[sdk=macosx*]" = "@executable_path/../Frameworks";
				MACOSX_DEPLOYMENT_TARGET = 15.2;
				MARKETING_VERSION = 1.0;
				PRODUCT_BUNDLE_IDENTIFIER = com.mubarok.WeatherTracker;
				PRODUCT_NAME = "$(TARGET_NAME)";
				SDKROOT = auto;
				SUPPORTED_PLATFORMS = "iphoneos iphonesimulator macosx xros xrsimulator";
				SWIFT_EMIT_LOC_STRINGS = YES;
				SWIFT_VERSION = 5.0;
				TARGETED_DEVICE_FAMILY = "1,2,7";
				XROS_DEPLOYMENT_TARGET = 2.2;
			};
			name = Release;
		};
		3149E9F62D0F394C00BCB404 /* Debug */ = {
			isa = XCBuildConfiguration;
			buildSettings = {
				BUNDLE_LOADER = "$(TEST_HOST)";
				CODE_SIGN_STYLE = Automatic;
				CURRENT_PROJECT_VERSION = 1;
				GENERATE_INFOPLIST_FILE = YES;
				IPHONEOS_DEPLOYMENT_TARGET = 18.2;
				MACOSX_DEPLOYMENT_TARGET = 15.2;
				MARKETING_VERSION = 1.0;
				PRODUCT_BUNDLE_IDENTIFIER = com.mubarok.WeatherTrackerTests;
				PRODUCT_NAME = "$(TARGET_NAME)";
				SDKROOT = auto;
				SUPPORTED_PLATFORMS = "iphoneos iphonesimulator macosx xros xrsimulator";
				SWIFT_EMIT_LOC_STRINGS = NO;
				SWIFT_VERSION = 5.0;
				TARGETED_DEVICE_FAMILY = "1,2,7";
				TEST_HOST = "$(BUILT_PRODUCTS_DIR)/WeatherTracker.app/$(BUNDLE_EXECUTABLE_FOLDER_PATH)/WeatherTracker";
				XROS_DEPLOYMENT_TARGET = 2.2;
			};
			name = Debug;
		};
		3149E9F72D0F394C00BCB404 /* Release */ = {
			isa = XCBuildConfiguration;
			buildSettings = {
				BUNDLE_LOADER = "$(TEST_HOST)";
				CODE_SIGN_STYLE = Automatic;
				CURRENT_PROJECT_VERSION = 1;
				GENERATE_INFOPLIST_FILE = YES;
				IPHONEOS_DEPLOYMENT_TARGET = 18.2;
				MACOSX_DEPLOYMENT_TARGET = 15.2;
				MARKETING_VERSION = 1.0;
				PRODUCT_BUNDLE_IDENTIFIER = com.mubarok.WeatherTrackerTests;
				PRODUCT_NAME = "$(TARGET_NAME)";
				SDKROOT = auto;
				SUPPORTED_PLATFORMS = "iphoneos iphonesimulator macosx xros xrsimulator";
				SWIFT_EMIT_LOC_STRINGS = NO;
				SWIFT_VERSION = 5.0;
				TARGETED_DEVICE_FAMILY = "1,2,7";
				TEST_HOST = "$(BUILT_PRODUCTS_DIR)/WeatherTracker.app/$(BUNDLE_EXECUTABLE_FOLDER_PATH)/WeatherTracker";
				XROS_DEPLOYMENT_TARGET = 2.2;
			};
			name = Release;
		};
		3149E9F92D0F394C00BCB404 /* Debug */ = {
			isa = XCBuildConfiguration;
			buildSettings = {
				CODE_SIGN_STYLE = Automatic;
				CURRENT_PROJECT_VERSION = 1;
				GENERATE_INFOPLIST_FILE = YES;
				IPHONEOS_DEPLOYMENT_TARGET = 18.2;
				MACOSX_DEPLOYMENT_TARGET = 15.2;
				MARKETING_VERSION = 1.0;
				PRODUCT_BUNDLE_IDENTIFIER = com.mubarok.WeatherTrackerUITests;
				PRODUCT_NAME = "$(TARGET_NAME)";
				SDKROOT = auto;
				SUPPORTED_PLATFORMS = "iphoneos iphonesimulator macosx xros xrsimulator";
				SWIFT_EMIT_LOC_STRINGS = NO;
				SWIFT_VERSION = 5.0;
				TARGETED_DEVICE_FAMILY = "1,2,7";
				TEST_TARGET_NAME = WeatherTracker;
				XROS_DEPLOYMENT_TARGET = 2.2;
			};
			name = Debug;
		};
		3149E9FA2D0F394C00BCB404 /* Release */ = {
			isa = XCBuildConfiguration;
			buildSettings = {
				CODE_SIGN_STYLE = Automatic;
				CURRENT_PROJECT_VERSION = 1;
				GENERATE_INFOPLIST_FILE = YES;
				IPHONEOS_DEPLOYMENT_TARGET = 18.2;
				MACOSX_DEPLOYMENT_TARGET = 15.2;
				MARKETING_VERSION = 1.0;
				PRODUCT_BUNDLE_IDENTIFIER = com.mubarok.WeatherTrackerUITests;
				PRODUCT_NAME = "$(TARGET_NAME)";
				SDKROOT = auto;
				SUPPORTED_PLATFORMS = "iphoneos iphonesimulator macosx xros xrsimulator";
				SWIFT_EMIT_LOC_STRINGS = NO;
				SWIFT_VERSION = 5.0;
				TARGETED_DEVICE_FAMILY = "1,2,7";
				TEST_TARGET_NAME = WeatherTracker;
				XROS_DEPLOYMENT_TARGET = 2.2;
			};
			name = Release;
		};
/* End XCBuildConfiguration section */

/* Begin XCConfigurationList section */
		3149E9C82D0F394B00BCB404 /* Build configuration list for PBXProject "WeatherTracker" */ = {
			isa = XCConfigurationList;
			buildConfigurations = (
				3149E9F02D0F394C00BCB404 /* Debug */,
				3149E9F12D0F394C00BCB404 /* Release */,
			);
			defaultConfigurationIsVisible = 0;
			defaultConfigurationName = Release;
		};
		3149E9F22D0F394C00BCB404 /* Build configuration list for PBXNativeTarget "WeatherTracker" */ = {
			isa = XCConfigurationList;
			buildConfigurations = (
				3149E9F32D0F394C00BCB404 /* Debug */,
				3149E9F42D0F394C00BCB404 /* Release */,
			);
			defaultConfigurationIsVisible = 0;
			defaultConfigurationName = Release;
		};
		3149E9F52D0F394C00BCB404 /* Build configuration list for PBXNativeTarget "WeatherTrackerTests" */ = {
			isa = XCConfigurationList;
			buildConfigurations = (
				3149E9F62D0F394C00BCB404 /* Debug */,
				3149E9F72D0F394C00BCB404 /* Release */,
			);
			defaultConfigurationIsVisible = 0;
			defaultConfigurationName = Release;
		};
		3149E9F82D0F394C00BCB404 /* Build configuration list for PBXNativeTarget "WeatherTrackerUITests" */ = {
			isa = XCConfigurationList;
			buildConfigurations = (
				3149E9F92D0F394C00BCB404 /* Debug */,
				3149E9FA2D0F394C00BCB404 /* Release */,
			);
			defaultConfigurationIsVisible = 0;
			defaultConfigurationName = Release;
		};
/* End XCConfigurationList section */
	};
	rootObject = 3149E9C52D0F394B00BCB404 /* Project object */;
}
